<?xml version="1.0" encoding="utf-8"?>
<Project ToolsVersion="4.0" xmlns="http://schemas.microsoft.com/developer/msbuild/2003">
  <ItemGroup>
    <Filter Include="config">
      <UniqueIdentifier>{71564f16-7341-4c46-a998-4c949d98a41c}</UniqueIdentifier>
    </Filter>
    <Filter Include="main">
      <UniqueIdentifier>{948a31f4-2226-44f0-963a-ff8da72412b1}</UniqueIdentifier>
    </Filter>
    <Filter Include="main\body">
      <UniqueIdentifier>{cc5d048e-628f-43f8-8341-29f91e7ad1df}</UniqueIdentifier>
    </Filter>
    <Filter Include="main\body\include">
      <UniqueIdentifier>{438e9db4-0f47-4984-8dfd-538cea24f781}</UniqueIdentifier>
    </Filter>
    <Filter Include="module">
      <UniqueIdentifier>{c1b1b41e-c0f0-4d91-86d1-0736e03c0094}</UniqueIdentifier>
    </Filter>
    <Filter Include="module\colog">
      <UniqueIdentifier>{6feaf2bd-05ad-4bdf-b7d3-53e35cb313bb}</UniqueIdentifier>
    </Filter>
    <Filter Include="module\colog\include">
      <UniqueIdentifier>{57f37278-f396-4a2d-8dc1-a5955ae40220}</UniqueIdentifier>
    </Filter>
    <Filter Include="module\schead">
      <UniqueIdentifier>{33ae7044-0f3c-476c-a57b-be7ced640c47}</UniqueIdentifier>
    </Filter>
    <Filter Include="module\schead\include">
      <UniqueIdentifier>{9a09284b-de95-42c0-b92d-c8f150af68dd}</UniqueIdentifier>
    </Filter>
    <Filter Include="module\service">
      <UniqueIdentifier>{70af93cc-dd8e-40c5-9705-ef92a21272a7}</UniqueIdentifier>
    </Filter>
    <Filter Include="module\service\include">
      <UniqueIdentifier>{6dec71ab-4ff0-4c88-9a77-4c03f9464f8a}</UniqueIdentifier>
    </Filter>
    <Filter Include="module\struct">
      <UniqueIdentifier>{b2dced53-50ba-42f7-97d9-9c36eae0dbf7}</UniqueIdentifier>
    </Filter>
    <Filter Include="module\struct\include">
      <UniqueIdentifier>{4e25cee8-b538-48f4-81ab-d88193897ca3}</UniqueIdentifier>
    </Filter>
    <Filter Include="readme">
      <UniqueIdentifier>{057af551-5272-4222-85e4-edb5bdef1073}</UniqueIdentifier>
    </Filter>
    <Filter Include="test">
      <UniqueIdentifier>{a4d7c9bb-6864-455f-ac0b-de5ac8b669c0}</UniqueIdentifier>
    </Filter>
    <Filter Include="test\config">
      <UniqueIdentifier>{6ff1be27-7c73-46e4-ad84-0a5e6d0fefee}</UniqueIdentifier>
    </Filter>
    <Filter Include="module\iop">
      <UniqueIdentifier>{29c00ff9-ac39-46fa-bc2e-a7b117cfe7f0}</UniqueIdentifier>
    </Filter>
    <Filter Include="module\iop\include">
      <UniqueIdentifier>{a61b7112-02b8-40a1-884a-a97666f35e8c}</UniqueIdentifier>
    </Filter>
    <Filter Include="extern">
      <UniqueIdentifier>{18dff8b3-0e26-4c18-b5dd-f44ac2cd5aad}</UniqueIdentifier>
    </Filter>
    <Filter Include="extern\pthread">
      <UniqueIdentifier>{dd6f189c-2685-40f4-bebb-6aa2b687834d}</UniqueIdentifier>
    </Filter>
    <Filter Include="extern\pthread\include">
      <UniqueIdentifier>{e8ee71f9-96bd-44d8-a9be-de81b3199888}</UniqueIdentifier>
    </Filter>
    <Filter Include="extern\pthread\dll">
      <UniqueIdentifier>{a1a23c0a-3f45-4462-a041-276f90e1382e}</UniqueIdentifier>
    </Filter>
    <Filter Include="extern\pthread\lib">
      <UniqueIdentifier>{c2fe23d9-92e6-4d7d-99b5-a4834c179797}</UniqueIdentifier>
    </Filter>
    <Filter Include="extern\curl">
      <UniqueIdentifier>{add8d6a6-5d0d-496a-886c-8889044ae4b6}</UniqueIdentifier>
    </Filter>
    <Filter Include="extern\curl\include">
      <UniqueIdentifier>{8cd54cef-8c74-4f6e-b3f7-c283c94bb3f1}</UniqueIdentifier>
    </Filter>
    <Filter Include="extern\curl\include\curl">
      <UniqueIdentifier>{dea8245b-7459-4de2-889e-1ff322bca2b2}</UniqueIdentifier>
    </Filter>
    <Filter Include="extern\curl\lib">
      <UniqueIdentifier>{55fcf159-4056-4cba-8073-19f7c1eb62bf}</UniqueIdentifier>
    </Filter>
    <Filter Include="extern\openssl">
      <UniqueIdentifier>{fe8ad525-c6a5-4f0f-acb2-0e7562832542}</UniqueIdentifier>
    </Filter>
    <Filter Include="extern\openssl\include">
      <UniqueIdentifier>{a62fe68c-b7e6-44e0-b397-1954ee273781}</UniqueIdentifier>
    </Filter>
    <Filter Include="extern\openssl\include\openssl">
      <UniqueIdentifier>{7e5e42aa-2fb2-4587-b702-39fcd6f61b64}</UniqueIdentifier>
    </Filter>
    <Filter Include="extern\openssl\lib">
      <UniqueIdentifier>{6f1287d9-9ef8-422a-bd79-34c871a70919}</UniqueIdentifier>
    </Filter>
    <Filter Include="extern\openssl\dll">
      <UniqueIdentifier>{56db6bd6-9589-417e-aa60-45a1c0d0dfb2}</UniqueIdentifier>
    </Filter>
  </ItemGroup>
  <ItemGroup>
    <ClCompile Include="module\schead\schead.c">
      <Filter>module\schead</Filter>
    </ClCompile>
    <ClCompile Include="module\struct\tree.c">
      <Filter>module\struct</Filter>
    </ClCompile>
    <ClCompile Include="module\struct\list.c">
      <Filter>module\struct</Filter>
    </ClCompile>
    <ClCompile Include="module\schead\sccsv.c">
      <Filter>module\schead</Filter>
    </ClCompile>
    <ClCompile Include="module\service\sctimer.c">
      <Filter>module\service</Filter>
    </ClCompile>
    <ClCompile Include="test\test_atom_rwlock.c">
      <Filter>test</Filter>
    </ClCompile>
    <ClCompile Include="test\test_cjson_write.c">
      <Filter>test</Filter>
    </ClCompile>
    <ClCompile Include="test\test_csv.c">
      <Filter>test</Filter>
    </ClCompile>
    <ClCompile Include="test\test_scconf.c">
      <Filter>test</Filter>
    </ClCompile>
    <ClCompile Include="test\test_sctimer.c">
      <Filter>test</Filter>
    </ClCompile>
    <ClCompile Include="test\test_tstring.c">
      <Filter>test</Filter>
    </ClCompile>
    <ClCompile Include="test\test_xlsmtojson.c">
      <Filter>test</Filter>
    </ClCompile>
    <ClCompile Include="main\main.c">
      <Filter>main</Filter>
    </ClCompile>
    <ClCompile Include="module\schead\scalloc.c">
      <Filter>module\schead</Filter>
    </ClCompile>
    <ClCompile Include="module\schead\scrwlock.c">
      <Filter>module\schead</Filter>
    </ClCompile>
    <ClCompile Include="module\struct\tstr.c">
      <Filter>module\struct</Filter>
    </ClCompile>
    <ClCompile Include="main\simplec.c">
      <Filter>main</Filter>
    </ClCompile>
    <ClCompile Include="module\struct\array.c">
      <Filter>module\struct</Filter>
    </ClCompile>
    <ClCompile Include="test\test_array.c">
      <Filter>test</Filter>
    </ClCompile>
    <ClCompile Include="module\schead\scjson.c">
      <Filter>module\schead</Filter>
    </ClCompile>
    <ClCompile Include="test\test_cjson.c">
      <Filter>test</Filter>
    </ClCompile>
    <ClCompile Include="module\schead\sctime.c">
      <Filter>module\schead</Filter>
    </ClCompile>
    <ClCompile Include="module\struct\rbtree.c">
      <Filter>module\struct</Filter>
    </ClCompile>
    <ClCompile Include="module\service\scoroutine.c">
      <Filter>module\service</Filter>
    </ClCompile>
    <ClCompile Include="test\test_scoroutine.c">
      <Filter>test</Filter>
    </ClCompile>
    <ClCompile Include="test\test_pthread_sem.c">
      <Filter>test</Filter>
    </ClCompile>
    <ClCompile Include="module\struct\mq.c">
      <Filter>module\struct</Filter>
    </ClCompile>
    <ClCompile Include="test\test_sciconv.c">
      <Filter>test</Filter>
    </ClCompile>
    <ClCompile Include="module\service\scrunloop.c">
      <Filter>module\service</Filter>
    </ClCompile>
    <ClCompile Include="test\test_scrunloop.c">
      <Filter>test</Filter>
    </ClCompile>
    <ClCompile Include="test\test_clog.c">
      <Filter>test</Filter>
    </ClCompile>
    <ClCompile Include="module\colog\scconf.c">
      <Filter>module\colog</Filter>
    </ClCompile>
    <ClCompile Include="module\colog\clog.c">
      <Filter>module\colog</Filter>
    </ClCompile>
    <ClCompile Include="module\colog\sclog.c">
      <Filter>module\colog</Filter>
    </ClCompile>
    <ClCompile Include="test\test_sclog.c">
      <Filter>test</Filter>
    </ClCompile>
    <ClCompile Include="module\schead\scurl.c">
      <Filter>module\schead</Filter>
    </ClCompile>
    <ClCompile Include="test\test_scurl.c">
      <Filter>test</Filter>
    </ClCompile>
    <ClCompile Include="module\struct\objs.c">
      <Filter>module\struct</Filter>
    </ClCompile>
    <ClCompile Include="test\test_objs.c">
      <Filter>test</Filter>
    </ClCompile>
    <ClCompile Include="module\colog\plog.c">
      <Filter>module\colog</Filter>
    </ClCompile>
    <ClCompile Include="test\test_plog.c">
      <Filter>test</Filter>
    </ClCompile>
    <ClCompile Include="module\service\scthreads.c">
      <Filter>module\service</Filter>
    </ClCompile>
    <ClCompile Include="test\test_scthreads.c">
      <Filter>test</Filter>
    </ClCompile>
    <ClCompile Include="module\iop\iop.c">
      <Filter>module\iop</Filter>
    </ClCompile>
    <ClCompile Include="module\iop\iop_poll.c">
      <Filter>module\iop</Filter>
    </ClCompile>
    <ClCompile Include="module\iop\iop_server.c">
      <Filter>module\iop</Filter>
    </ClCompile>
    <ClCompile Include="test\test_iopserver.c">
      <Filter>test</Filter>
    </ClCompile>
    <ClCompile Include="extern\curl\httputil.c">
      <Filter>extern\curl</Filter>
    </ClCompile>
    <ClCompile Include="extern\openssl\md5util.c">
      <Filter>extern\openssl</Filter>
    </ClCompile>
    <ClCompile Include="test\test_httputil.c">
      <Filter>test</Filter>
    </ClCompile>
    <ClCompile Include="test\test_ddos.c">
      <Filter>test</Filter>
    </ClCompile>
    <ClCompile Include="module\struct\vlist.c">
      <Filter>module\struct</Filter>
    </ClCompile>
    <ClCompile Include="test\test_sctime.c">
      <Filter>test</Filter>
    </ClCompile>
    <ClCompile Include="module\schead\sciconv.c">
      <Filter>module\schead</Filter>
    </ClCompile>
    <ClCompile Include="test\test_cjson_read.c">
      <Filter>test</Filter>
    </ClCompile>
    <ClCompile Include="module\schead\scsocket.c">
      <Filter>module\schead</Filter>
    </ClCompile>
    <ClCompile Include="module\schead\scpipe.c">
      <Filter>module\schead</Filter>
    </ClCompile>
    <ClCompile Include="test\test_scpipe.c">
      <Filter>test</Filter>
    </ClCompile>
    <ClCompile Include="test\test_winselect.c">
      <Filter>test</Filter>
    </ClCompile>
  </ItemGroup>
  <ItemGroup>
    <ClInclude Include="module\schead\include\schead.h">
      <Filter>module\schead\include</Filter>
    </ClInclude>
    <ClInclude Include="module\schead\include\scatom.h">
      <Filter>module\schead\include</Filter>
    </ClInclude>
    <ClInclude Include="module\struct\include\tree.h">
      <Filter>module\struct\include</Filter>
    </ClInclude>
    <ClInclude Include="module\struct\include\list.h">
      <Filter>module\struct\include</Filter>
    </ClInclude>
    <ClInclude Include="module\schead\include\sccsv.h">
      <Filter>module\schead\include</Filter>
    </ClInclude>
    <ClInclude Include="module\service\include\sctimer.h">
      <Filter>module\service\include</Filter>
    </ClInclude>
    <ClInclude Include="module\schead\include\scalloc.h">
      <Filter>module\schead\include</Filter>
    </ClInclude>
    <ClInclude Include="module\schead\include\scrwlock.h">
      <Filter>module\schead\include</Filter>
    </ClInclude>
    <ClInclude Include="module\struct\include\tstr.h">
      <Filter>module\struct\include</Filter>
    </ClInclude>
    <ClInclude Include="module\struct\include\array.h">
      <Filter>module\struct\include</Filter>
    </ClInclude>
    <ClInclude Include="module\schead\include\scjson.h">
      <Filter>module\schead\include</Filter>
    </ClInclude>
    <ClInclude Include="module\schead\include\sctime.h">
      <Filter>module\schead\include</Filter>
    </ClInclude>
    <ClInclude Include="module\struct\include\rbtree.h">
      <Filter>module\struct\include</Filter>
    </ClInclude>
    <ClInclude Include="module\service\include\scoroutine.h">
      <Filter>module\service\include</Filter>
    </ClInclude>
    <ClInclude Include="module\struct\include\struct.h">
      <Filter>module\struct\include</Filter>
    </ClInclude>
    <ClInclude Include="module\struct\include\mq.h">
      <Filter>module\struct\include</Filter>
    </ClInclude>
    <ClInclude Include="module\service\include\scrunloop.h">
      <Filter>module\service\include</Filter>
    </ClInclude>
    <ClInclude Include="module\colog\include\scconf.h">
      <Filter>module\colog\include</Filter>
    </ClInclude>
    <ClInclude Include="module\colog\include\clog.h">
      <Filter>module\colog\include</Filter>
    </ClInclude>
    <ClInclude Include="module\colog\include\sclog.h">
      <Filter>module\colog\include</Filter>
    </ClInclude>
    <ClInclude Include="module\schead\include\scurl.h">
      <Filter>module\schead\include</Filter>
    </ClInclude>
    <ClInclude Include="module\struct\include\objs.h">
      <Filter>module\struct\include</Filter>
    </ClInclude>
    <ClInclude Include="module\service\include\scoroutine$linux.h">
      <Filter>module\service\include</Filter>
    </ClInclude>
    <ClInclude Include="module\service\include\scoroutine$winds.h">
      <Filter>module\service\include</Filter>
    </ClInclude>
    <ClInclude Include="module\colog\include\plog.h">
      <Filter>module\colog\include</Filter>
    </ClInclude>
    <ClInclude Include="module\service\include\scthreads.h">
      <Filter>module\service\include</Filter>
    </ClInclude>
    <ClInclude Include="module\iop\include\iop.h">
      <Filter>module\iop\include</Filter>
    </ClInclude>
    <ClInclude Include="module\iop\include\iop_def.h">
      <Filter>module\iop\include</Filter>
    </ClInclude>
    <ClInclude Include="module\iop\include\iop_poll$epoll.h">
      <Filter>module\iop\include</Filter>
    </ClInclude>
    <ClInclude Include="module\iop\include\iop_poll$select.h">
      <Filter>module\iop\include</Filter>
    </ClInclude>
    <ClInclude Include="module\iop\include\iop_poll.h">
      <Filter>module\iop\include</Filter>
    </ClInclude>
    <ClInclude Include="module\iop\include\iop_server.h">
      <Filter>module\iop\include</Filter>
    </ClInclude>
    <ClInclude Include="extern\pthread\include\pthread.h">
      <Filter>extern\pthread\include</Filter>
    </ClInclude>
    <ClInclude Include="extern\pthread\include\sched.h">
      <Filter>extern\pthread\include</Filter>
    </ClInclude>
    <ClInclude Include="extern\pthread\include\semaphore.h">
      <Filter>extern\pthread\include</Filter>
    </ClInclude>
    <ClInclude Include="extern\curl\include\curl\curl.h">
      <Filter>extern\curl\include\curl</Filter>
    </ClInclude>
    <ClInclude Include="extern\curl\include\curl\curlbuild.h">
      <Filter>extern\curl\include\curl</Filter>
    </ClInclude>
    <ClInclude Include="extern\curl\include\curl\curlrules.h">
      <Filter>extern\curl\include\curl</Filter>
    </ClInclude>
    <ClInclude Include="extern\curl\include\curl\curlver.h">
      <Filter>extern\curl\include\curl</Filter>
    </ClInclude>
    <ClInclude Include="extern\curl\include\curl\easy.h">
      <Filter>extern\curl\include\curl</Filter>
    </ClInclude>
    <ClInclude Include="extern\curl\include\curl\mprintf.h">
      <Filter>extern\curl\include\curl</Filter>
    </ClInclude>
    <ClInclude Include="extern\curl\include\curl\multi.h">
      <Filter>extern\curl\include\curl</Filter>
    </ClInclude>
    <ClInclude Include="extern\curl\include\curl\stdcheaders.h">
      <Filter>extern\curl\include\curl</Filter>
    </ClInclude>
    <ClInclude Include="extern\curl\include\curl\system.h">
      <Filter>extern\curl\include\curl</Filter>
    </ClInclude>
    <ClInclude Include="extern\curl\include\curl\typecheck-gcc.h">
      <Filter>extern\curl\include\curl</Filter>
    </ClInclude>
    <ClInclude Include="extern\curl\include\httputil.h">
      <Filter>extern\curl\include</Filter>
    </ClInclude>
    <ClInclude Include="extern\openssl\include\openssl\__DECC_INCLUDE_EPILOGUE.H">
      <Filter>extern\openssl\include\openssl</Filter>
    </ClInclude>
    <ClInclude Include="extern\openssl\include\openssl\__DECC_INCLUDE_PROLOGUE.H">
      <Filter>extern\openssl\include\openssl</Filter>
    </ClInclude>
    <ClInclude Include="extern\openssl\include\openssl\aes.h">
      <Filter>extern\openssl\include\openssl</Filter>
    </ClInclude>
    <ClInclude Include="extern\openssl\include\openssl\asn1.h">
      <Filter>extern\openssl\include\openssl</Filter>
    </ClInclude>
    <ClInclude Include="extern\openssl\include\openssl\asn1_mac.h">
      <Filter>extern\openssl\include\openssl</Filter>
    </ClInclude>
    <ClInclude Include="extern\openssl\include\openssl\asn1t.h">
      <Filter>extern\openssl\include\openssl</Filter>
    </ClInclude>
    <ClInclude Include="extern\openssl\include\openssl\async.h">
      <Filter>extern\openssl\include\openssl</Filter>
    </ClInclude>
    <ClInclude Include="extern\openssl\include\openssl\bio.h">
      <Filter>extern\openssl\include\openssl</Filter>
    </ClInclude>
    <ClInclude Include="extern\openssl\include\openssl\blowfish.h">
      <Filter>extern\openssl\include\openssl</Filter>
    </ClInclude>
    <ClInclude Include="extern\openssl\include\openssl\bn.h">
      <Filter>extern\openssl\include\openssl</Filter>
    </ClInclude>
    <ClInclude Include="extern\openssl\include\openssl\buffer.h">
      <Filter>extern\openssl\include\openssl</Filter>
    </ClInclude>
    <ClInclude Include="extern\openssl\include\openssl\camellia.h">
      <Filter>extern\openssl\include\openssl</Filter>
    </ClInclude>
    <ClInclude Include="extern\openssl\include\openssl\cast.h">
      <Filter>extern\openssl\include\openssl</Filter>
    </ClInclude>
    <ClInclude Include="extern\openssl\include\openssl\cmac.h">
      <Filter>extern\openssl\include\openssl</Filter>
    </ClInclude>
    <ClInclude Include="extern\openssl\include\openssl\cms.h">
      <Filter>extern\openssl\include\openssl</Filter>
    </ClInclude>
    <ClInclude Include="extern\openssl\include\openssl\comp.h">
      <Filter>extern\openssl\include\openssl</Filter>
    </ClInclude>
    <ClInclude Include="extern\openssl\include\openssl\conf.h">
      <Filter>extern\openssl\include\openssl</Filter>
    </ClInclude>
    <ClInclude Include="extern\openssl\include\openssl\conf_api.h">
      <Filter>extern\openssl\include\openssl</Filter>
    </ClInclude>
    <ClInclude Include="extern\openssl\include\openssl\crypto.h">
      <Filter>extern\openssl\include\openssl</Filter>
    </ClInclude>
    <ClInclude Include="extern\openssl\include\openssl\ct.h">
      <Filter>extern\openssl\include\openssl</Filter>
    </ClInclude>
    <ClInclude Include="extern\openssl\include\openssl\des.h">
      <Filter>extern\openssl\include\openssl</Filter>
    </ClInclude>
    <ClInclude Include="extern\openssl\include\openssl\dh.h">
      <Filter>extern\openssl\include\openssl</Filter>
    </ClInclude>
    <ClInclude Include="extern\openssl\include\openssl\dsa.h">
      <Filter>extern\openssl\include\openssl</Filter>
    </ClInclude>
    <ClInclude Include="extern\openssl\include\openssl\dtls1.h">
      <Filter>extern\openssl\include\openssl</Filter>
    </ClInclude>
    <ClInclude Include="extern\openssl\include\openssl\e_os2.h">
      <Filter>extern\openssl\include\openssl</Filter>
    </ClInclude>
    <ClInclude Include="extern\openssl\include\openssl\ebcdic.h">
      <Filter>extern\openssl\include\openssl</Filter>
    </ClInclude>
    <ClInclude Include="extern\openssl\include\openssl\ec.h">
      <Filter>extern\openssl\include\openssl</Filter>
    </ClInclude>
    <ClInclude Include="extern\openssl\include\openssl\ecdh.h">
      <Filter>extern\openssl\include\openssl</Filter>
    </ClInclude>
    <ClInclude Include="extern\openssl\include\openssl\ecdsa.h">
      <Filter>extern\openssl\include\openssl</Filter>
    </ClInclude>
    <ClInclude Include="extern\openssl\include\openssl\engine.h">
      <Filter>extern\openssl\include\openssl</Filter>
    </ClInclude>
    <ClInclude Include="extern\openssl\include\openssl\err.h">
      <Filter>extern\openssl\include\openssl</Filter>
    </ClInclude>
    <ClInclude Include="extern\openssl\include\openssl\evp.h">
      <Filter>extern\openssl\include\openssl</Filter>
    </ClInclude>
    <ClInclude Include="extern\openssl\include\openssl\hmac.h">
      <Filter>extern\openssl\include\openssl</Filter>
    </ClInclude>
    <ClInclude Include="extern\openssl\include\openssl\idea.h">
      <Filter>extern\openssl\include\openssl</Filter>
    </ClInclude>
    <ClInclude Include="extern\openssl\include\openssl\kdf.h">
      <Filter>extern\openssl\include\openssl</Filter>
    </ClInclude>
    <ClInclude Include="extern\openssl\include\openssl\lhash.h">
      <Filter>extern\openssl\include\openssl</Filter>
    </ClInclude>
    <ClInclude Include="extern\openssl\include\openssl\md2.h">
      <Filter>extern\openssl\include\openssl</Filter>
    </ClInclude>
    <ClInclude Include="extern\openssl\include\openssl\md4.h">
      <Filter>extern\openssl\include\openssl</Filter>
    </ClInclude>
    <ClInclude Include="extern\openssl\include\openssl\md5.h">
      <Filter>extern\openssl\include\openssl</Filter>
    </ClInclude>
    <ClInclude Include="extern\openssl\include\openssl\mdc2.h">
      <Filter>extern\openssl\include\openssl</Filter>
    </ClInclude>
    <ClInclude Include="extern\openssl\include\openssl\modes.h">
      <Filter>extern\openssl\include\openssl</Filter>
    </ClInclude>
    <ClInclude Include="extern\openssl\include\openssl\obj_mac.h">
      <Filter>extern\openssl\include\openssl</Filter>
    </ClInclude>
    <ClInclude Include="extern\openssl\include\openssl\objects.h">
      <Filter>extern\openssl\include\openssl</Filter>
    </ClInclude>
    <ClInclude Include="extern\openssl\include\openssl\ocsp.h">
      <Filter>extern\openssl\include\openssl</Filter>
    </ClInclude>
    <ClInclude Include="extern\openssl\include\openssl\opensslconf.h">
      <Filter>extern\openssl\include\openssl</Filter>
    </ClInclude>
    <ClInclude Include="extern\openssl\include\openssl\opensslv.h">
      <Filter>extern\openssl\include\openssl</Filter>
    </ClInclude>
    <ClInclude Include="extern\openssl\include\openssl\ossl_typ.h">
      <Filter>extern\openssl\include\openssl</Filter>
    </ClInclude>
    <ClInclude Include="extern\openssl\include\openssl\pem.h">
      <Filter>extern\openssl\include\openssl</Filter>
    </ClInclude>
    <ClInclude Include="extern\openssl\include\openssl\pem2.h">
      <Filter>extern\openssl\include\openssl</Filter>
    </ClInclude>
    <ClInclude Include="extern\openssl\include\openssl\pkcs7.h">
      <Filter>extern\openssl\include\openssl</Filter>
    </ClInclude>
    <ClInclude Include="extern\openssl\include\openssl\pkcs12.h">
      <Filter>extern\openssl\include\openssl</Filter>
    </ClInclude>
    <ClInclude Include="extern\openssl\include\openssl\rand.h">
      <Filter>extern\openssl\include\openssl</Filter>
    </ClInclude>
    <ClInclude Include="extern\openssl\include\openssl\rc2.h">
      <Filter>extern\openssl\include\openssl</Filter>
    </ClInclude>
    <ClInclude Include="extern\openssl\include\openssl\rc4.h">
      <Filter>extern\openssl\include\openssl</Filter>
    </ClInclude>
    <ClInclude Include="extern\openssl\include\openssl\rc5.h">
      <Filter>extern\openssl\include\openssl</Filter>
    </ClInclude>
    <ClInclude Include="extern\openssl\include\openssl\ripemd.h">
      <Filter>extern\openssl\include\openssl</Filter>
    </ClInclude>
    <ClInclude Include="extern\openssl\include\openssl\rsa.h">
      <Filter>extern\openssl\include\openssl</Filter>
    </ClInclude>
    <ClInclude Include="extern\openssl\include\openssl\safestack.h">
      <Filter>extern\openssl\include\openssl</Filter>
    </ClInclude>
    <ClInclude Include="extern\openssl\include\openssl\seed.h">
      <Filter>extern\openssl\include\openssl</Filter>
    </ClInclude>
    <ClInclude Include="extern\openssl\include\openssl\sha.h">
      <Filter>extern\openssl\include\openssl</Filter>
    </ClInclude>
    <ClInclude Include="extern\openssl\include\openssl\srp.h">
      <Filter>extern\openssl\include\openssl</Filter>
    </ClInclude>
    <ClInclude Include="extern\openssl\include\openssl\srtp.h">
      <Filter>extern\openssl\include\openssl</Filter>
    </ClInclude>
    <ClInclude Include="extern\openssl\include\openssl\ssl.h">
      <Filter>extern\openssl\include\openssl</Filter>
    </ClInclude>
    <ClInclude Include="extern\openssl\include\openssl\ssl2.h">
      <Filter>extern\openssl\include\openssl</Filter>
    </ClInclude>
    <ClInclude Include="extern\openssl\include\openssl\ssl3.h">
      <Filter>extern\openssl\include\openssl</Filter>
    </ClInclude>
    <ClInclude Include="extern\openssl\include\openssl\stack.h">
      <Filter>extern\openssl\include\openssl</Filter>
    </ClInclude>
    <ClInclude Include="extern\openssl\include\openssl\tls1.h">
      <Filter>extern\openssl\include\openssl</Filter>
    </ClInclude>
    <ClInclude Include="extern\openssl\include\openssl\ts.h">
      <Filter>extern\openssl\include\openssl</Filter>
    </ClInclude>
    <ClInclude Include="extern\openssl\include\openssl\txt_db.h">
      <Filter>extern\openssl\include\openssl</Filter>
    </ClInclude>
    <ClInclude Include="extern\openssl\include\openssl\ui.h">
      <Filter>extern\openssl\include\openssl</Filter>
    </ClInclude>
    <ClInclude Include="extern\openssl\include\openssl\whrlpool.h">
      <Filter>extern\openssl\include\openssl</Filter>
    </ClInclude>
    <ClInclude Include="extern\openssl\include\openssl\x509.h">
      <Filter>extern\openssl\include\openssl</Filter>
    </ClInclude>
    <ClInclude Include="extern\openssl\include\openssl\x509_vfy.h">
      <Filter>extern\openssl\include\openssl</Filter>
    </ClInclude>
    <ClInclude Include="extern\openssl\include\openssl\x509v3.h">
      <Filter>extern\openssl\include\openssl</Filter>
    </ClInclude>
    <ClInclude Include="extern\openssl\include\md5util.h">
      <Filter>extern\openssl\include</Filter>
    </ClInclude>
    <ClInclude Include="module\struct\include\vlist.h">
      <Filter>module\struct\include</Filter>
    </ClInclude>
    <ClInclude Include="module\schead\include\sciconv.h">
      <Filter>module\schead\include</Filter>
    </ClInclude>
    <ClInclude Include="module\schead\include\scsocket.h">
      <Filter>module\schead\include</Filter>
    </ClInclude>
    <ClInclude Include="module\schead\include\scpipe.h">
      <Filter>module\schead\include</Filter>
    </ClInclude>
  </ItemGroup>
  <ItemGroup>
    <None Include="test\config\destiny.csv">
      <Filter>test\config</Filter>
    </None>
    <None Include="test\config\firefighting_rule.json">
      <Filter>test\config</Filter>
    </None>
    <None Include="test\config\onetime.csv">
      <Filter>test\config</Filter>
    </None>
    <None Include="config\config.ini">
      <Filter>config</Filter>
    </None>
    <None Include="extern\openssl\dll\libcrypto-1_1.dll">
      <Filter>extern\openssl\dll</Filter>
    </None>
    <None Include="extern\openssl\dll\libssl-1_1.dll">
      <Filter>extern\openssl\dll</Filter>
    </None>
    <None Include="extern\pthread\dll\pthread_dll.dll">
      <Filter>extern\pthread\dll</Filter>
    </None>
  </ItemGroup>
  <ItemGroup>
    <Text Include="readme\helper.txt">
      <Filter>readme</Filter>
    </Text>
  </ItemGroup>
  <ItemGroup>
    <Library Include="extern\curl\lib\libcurl_a.lib">
      <Filter>extern\curl\lib</Filter>
    </Library>
    <Library Include="extern\openssl\lib\libcrypto32MT.lib">
      <Filter>extern\openssl\lib</Filter>
    </Library>
    <Library Include="extern\openssl\lib\libssl32MT.lib">
      <Filter>extern\openssl\lib</Filter>
    </Library>
    <Library Include="extern\pthread\lib\pthread_dll.lib">
      <Filter>extern\pthread\lib</Filter>
    </Library>
  </ItemGroup>
</Project>