<?xml version="1.0" encoding="utf-8"?>
<Project ToolsVersion="4.0" xmlns="http://schemas.microsoft.com/developer/msbuild/2003">
  <ItemGroup>
    <Filter Include="config">
      <UniqueIdentifier>{71564f16-7341-4c46-a998-4c949d98a41c}</UniqueIdentifier>
    </Filter>
    <Filter Include="main">
      <UniqueIdentifier>{948a31f4-2226-44f0-963a-ff8da72412b1}</UniqueIdentifier>
    </Filter>
    <Filter Include="module">
      <UniqueIdentifier>{c1b1b41e-c0f0-4d91-86d1-0736e03c0094}</UniqueIdentifier>
    </Filter>
    <Filter Include="module\schead">
      <UniqueIdentifier>{33ae7044-0f3c-476c-a57b-be7ced640c47}</UniqueIdentifier>
    </Filter>
    <Filter Include="module\schead\include">
      <UniqueIdentifier>{9a09284b-de95-42c0-b92d-c8f150af68dd}</UniqueIdentifier>
    </Filter>
    <Filter Include="module\service">
      <UniqueIdentifier>{70af93cc-dd8e-40c5-9705-ef92a21272a7}</UniqueIdentifier>
    </Filter>
    <Filter Include="module\service\include">
      <UniqueIdentifier>{6dec71ab-4ff0-4c88-9a77-4c03f9464f8a}</UniqueIdentifier>
    </Filter>
    <Filter Include="module\struct">
      <UniqueIdentifier>{b2dced53-50ba-42f7-97d9-9c36eae0dbf7}</UniqueIdentifier>
    </Filter>
    <Filter Include="module\struct\include">
      <UniqueIdentifier>{4e25cee8-b538-48f4-81ab-d88193897ca3}</UniqueIdentifier>
    </Filter>
    <Filter Include="readme">
      <UniqueIdentifier>{057af551-5272-4222-85e4-edb5bdef1073}</UniqueIdentifier>
    </Filter>
    <Filter Include="test">
      <UniqueIdentifier>{a4d7c9bb-6864-455f-ac0b-de5ac8b669c0}</UniqueIdentifier>
    </Filter>
    <Filter Include="test\config">
      <UniqueIdentifier>{6ff1be27-7c73-46e4-ad84-0a5e6d0fefee}</UniqueIdentifier>
    </Filter>
    <Filter Include="extern">
      <UniqueIdentifier>{18dff8b3-0e26-4c18-b5dd-f44ac2cd5aad}</UniqueIdentifier>
    </Filter>
    <Filter Include="extern\pthread">
      <UniqueIdentifier>{dd6f189c-2685-40f4-bebb-6aa2b687834d}</UniqueIdentifier>
    </Filter>
    <Filter Include="extern\pthread\include">
      <UniqueIdentifier>{e8ee71f9-96bd-44d8-a9be-de81b3199888}</UniqueIdentifier>
    </Filter>
    <Filter Include="extern\pthread\lib">
      <UniqueIdentifier>{c2fe23d9-92e6-4d7d-99b5-a4834c179797}</UniqueIdentifier>
    </Filter>
    <Filter Include="extern\curl">
      <UniqueIdentifier>{add8d6a6-5d0d-496a-886c-8889044ae4b6}</UniqueIdentifier>
    </Filter>
    <Filter Include="extern\curl\include">
      <UniqueIdentifier>{8cd54cef-8c74-4f6e-b3f7-c283c94bb3f1}</UniqueIdentifier>
    </Filter>
    <Filter Include="extern\curl\include\curl">
      <UniqueIdentifier>{dea8245b-7459-4de2-889e-1ff322bca2b2}</UniqueIdentifier>
    </Filter>
    <Filter Include="extern\curl\lib">
      <UniqueIdentifier>{55fcf159-4056-4cba-8073-19f7c1eb62bf}</UniqueIdentifier>
    </Filter>
    <Filter Include="module\poll">
      <UniqueIdentifier>{e190c507-011d-4ebd-b11e-089be0ecc9e5}</UniqueIdentifier>
    </Filter>
    <Filter Include="module\poll\include">
      <UniqueIdentifier>{e1b25494-5b8f-4978-ba64-4c9ebbe0ca6e}</UniqueIdentifier>
    </Filter>
    <Filter Include="extern\mpack">
      <UniqueIdentifier>{9454d4af-b701-4e73-aeef-9bbcf6d8f511}</UniqueIdentifier>
    </Filter>
    <Filter Include="extern\mpack\include">
      <UniqueIdentifier>{0adc971c-0ddb-4a74-a1f5-b6fd9a381a86}</UniqueIdentifier>
    </Filter>
    <Filter Include="module\service\partial">
      <UniqueIdentifier>{91f2997a-d43c-4ec4-8b70-34210eeb0d38}</UniqueIdentifier>
    </Filter>
    <Filter Include="module\poll\partial">
      <UniqueIdentifier>{dc092886-0fd3-4df9-8fa5-96a2fdc34a2e}</UniqueIdentifier>
    </Filter>
  </ItemGroup>
  <ItemGroup>
    <ClCompile Include="module\struct\list.c">
      <Filter>module\struct</Filter>
    </ClCompile>
    <ClCompile Include="module\schead\sccsv.c">
      <Filter>module\schead</Filter>
    </ClCompile>
    <ClCompile Include="module\service\sctimer.c">
      <Filter>module\service</Filter>
    </ClCompile>
    <ClCompile Include="test\test_scconf.c">
      <Filter>test</Filter>
    </ClCompile>
    <ClCompile Include="test\test_sctimer.c">
      <Filter>test</Filter>
    </ClCompile>
    <ClCompile Include="main\main.c">
      <Filter>main</Filter>
    </ClCompile>
    <ClCompile Include="module\schead\scrwlock.c">
      <Filter>module\schead</Filter>
    </ClCompile>
    <ClCompile Include="module\struct\tstr.c">
      <Filter>module\struct</Filter>
    </ClCompile>
    <ClCompile Include="main\simplec.c">
      <Filter>main</Filter>
    </ClCompile>
    <ClCompile Include="module\struct\array.c">
      <Filter>module\struct</Filter>
    </ClCompile>
    <ClCompile Include="test\test_array.c">
      <Filter>test</Filter>
    </ClCompile>
    <ClCompile Include="module\schead\scjson.c">
      <Filter>module\schead</Filter>
    </ClCompile>
    <ClCompile Include="module\schead\sctime.c">
      <Filter>module\schead</Filter>
    </ClCompile>
    <ClCompile Include="module\service\scoroutine.c">
      <Filter>module\service</Filter>
    </ClCompile>
    <ClCompile Include="test\test_scoroutine.c">
      <Filter>test</Filter>
    </ClCompile>
    <ClCompile Include="module\struct\mq.c">
      <Filter>module\struct</Filter>
    </ClCompile>
    <ClCompile Include="test\test_sciconv.c">
      <Filter>test</Filter>
    </ClCompile>
    <ClCompile Include="module\service\scrunloop.c">
      <Filter>module\service</Filter>
    </ClCompile>
    <ClCompile Include="test\test_scrunloop.c">
      <Filter>test</Filter>
    </ClCompile>
    <ClCompile Include="test\test_clog.c">
      <Filter>test</Filter>
    </ClCompile>
    <ClCompile Include="module\schead\scurl.c">
      <Filter>module\schead</Filter>
    </ClCompile>
    <ClCompile Include="test\test_scurl.c">
      <Filter>test</Filter>
    </ClCompile>
    <ClCompile Include="module\service\scthreads.c">
      <Filter>module\service</Filter>
    </ClCompile>
    <ClCompile Include="test\test_scthreads.c">
      <Filter>test</Filter>
    </ClCompile>
    <ClCompile Include="extern\curl\httputil.c">
      <Filter>extern\curl</Filter>
    </ClCompile>
    <ClCompile Include="test\test_httputil.c">
      <Filter>test</Filter>
    </ClCompile>
    <ClCompile Include="test\test_sctime.c">
      <Filter>test</Filter>
    </ClCompile>
    <ClCompile Include="module\schead\sciconv.c">
      <Filter>module\schead</Filter>
    </ClCompile>
    <ClCompile Include="module\schead\scsocket.c">
      <Filter>module\schead</Filter>
    </ClCompile>
    <ClCompile Include="module\schead\scpipe.c">
      <Filter>module\schead</Filter>
    </ClCompile>
    <ClCompile Include="test\test_scpipe.c">
      <Filter>test</Filter>
    </ClCompile>
    <ClCompile Include="module\poll\socket_poll.c">
      <Filter>module\poll</Filter>
    </ClCompile>
    <ClCompile Include="module\poll\socket_server.c">
      <Filter>module\poll</Filter>
    </ClCompile>
    <ClCompile Include="test\test_socket_server.c">
      <Filter>test</Filter>
    </ClCompile>
    <ClCompile Include="module\schead\scconf.c">
      <Filter>module\schead</Filter>
    </ClCompile>
    <ClCompile Include="module\schead\scrand.c">
      <Filter>module\schead</Filter>
    </ClCompile>
    <ClCompile Include="test\test_scrand.c">
      <Filter>test</Filter>
    </ClCompile>
    <ClCompile Include="module\struct\dict.c">
      <Filter>module\struct</Filter>
    </ClCompile>
    <ClCompile Include="test\test_dict.c">
      <Filter>test</Filter>
    </ClCompile>
    <ClCompile Include="module\schead\clog.c">
      <Filter>module\schead</Filter>
    </ClCompile>
    <ClCompile Include="module\schead\scmd5.c">
      <Filter>module\schead</Filter>
    </ClCompile>
    <ClCompile Include="extern\mpack\mpack.c">
      <Filter>extern\mpack</Filter>
    </ClCompile>
    <ClCompile Include="test\test_scjson.c">
      <Filter>test</Filter>
    </ClCompile>
    <ClCompile Include="test\test_mpack.c">
      <Filter>test</Filter>
    </ClCompile>
    <ClCompile Include="module\schead\strerr.c">
      <Filter>module\schead</Filter>
    </ClCompile>
    <ClCompile Include="test\test_scrwlock.c">
      <Filter>test</Filter>
    </ClCompile>
    <ClCompile Include="test\test_sccsv.c">
      <Filter>test</Filter>
    </ClCompile>
    <ClCompile Include="test\test_scsocket.c">
      <Filter>test</Filter>
    </ClCompile>
    <ClCompile Include="test\test_socket_poll.c">
      <Filter>test</Filter>
    </ClCompile>
    <ClCompile Include="test\test_semaphore.c">
      <Filter>test</Filter>
    </ClCompile>
    <ClCompile Include="test\test_tstr.c">
      <Filter>test</Filter>
    </ClCompile>
    <ClCompile Include="module\poll\rsmq.c">
      <Filter>module\poll</Filter>
    </ClCompile>
    <ClCompile Include="test\test_rsmq.c">
      <Filter>test</Filter>
    </ClCompile>
    <ClCompile Include="module\poll\socket_start.c">
      <Filter>module\poll</Filter>
    </ClCompile>
    <ClCompile Include="module\poll\socket_msg.c">
      <Filter>module\poll</Filter>
    </ClCompile>
    <ClCompile Include="test\test_socket_start.c">
      <Filter>test</Filter>
    </ClCompile>
    <ClCompile Include="module\schead\schead.c">
      <Filter>module\schead</Filter>
    </ClCompile>
    <ClCompile Include="module\service\scfile.c">
      <Filter>module\service</Filter>
    </ClCompile>
    <ClCompile Include="test\test_scfile.c">
      <Filter>test</Filter>
    </ClCompile>
    <ClCompile Include="module\struct\rtree.c">
      <Filter>module\struct</Filter>
    </ClCompile>
    <ClCompile Include="test\test_scjson_gbk.c">
      <Filter>test</Filter>
    </ClCompile>
  </ItemGroup>
  <ItemGroup>
    <ClInclude Include="module\schead\include\schead.h">
      <Filter>module\schead\include</Filter>
    </ClInclude>
    <ClInclude Include="module\schead\include\scatom.h">
      <Filter>module\schead\include</Filter>
    </ClInclude>
    <ClInclude Include="module\struct\include\list.h">
      <Filter>module\struct\include</Filter>
    </ClInclude>
    <ClInclude Include="module\schead\include\sccsv.h">
      <Filter>module\schead\include</Filter>
    </ClInclude>
    <ClInclude Include="module\service\include\sctimer.h">
      <Filter>module\service\include</Filter>
    </ClInclude>
    <ClInclude Include="module\schead\include\scrwlock.h">
      <Filter>module\schead\include</Filter>
    </ClInclude>
    <ClInclude Include="module\struct\include\tstr.h">
      <Filter>module\struct\include</Filter>
    </ClInclude>
    <ClInclude Include="module\struct\include\array.h">
      <Filter>module\struct\include</Filter>
    </ClInclude>
    <ClInclude Include="module\schead\include\scjson.h">
      <Filter>module\schead\include</Filter>
    </ClInclude>
    <ClInclude Include="module\schead\include\sctime.h">
      <Filter>module\schead\include</Filter>
    </ClInclude>
    <ClInclude Include="module\service\include\scoroutine.h">
      <Filter>module\service\include</Filter>
    </ClInclude>
    <ClInclude Include="module\struct\include\struct.h">
      <Filter>module\struct\include</Filter>
    </ClInclude>
    <ClInclude Include="module\struct\include\mq.h">
      <Filter>module\struct\include</Filter>
    </ClInclude>
    <ClInclude Include="module\service\include\scrunloop.h">
      <Filter>module\service\include</Filter>
    </ClInclude>
    <ClInclude Include="module\schead\include\scurl.h">
      <Filter>module\schead\include</Filter>
    </ClInclude>
    <ClInclude Include="module\service\include\scthreads.h">
      <Filter>module\service\include</Filter>
    </ClInclude>
    <ClInclude Include="extern\pthread\include\pthread.h">
      <Filter>extern\pthread\include</Filter>
    </ClInclude>
    <ClInclude Include="extern\pthread\include\sched.h">
      <Filter>extern\pthread\include</Filter>
    </ClInclude>
    <ClInclude Include="extern\pthread\include\semaphore.h">
      <Filter>extern\pthread\include</Filter>
    </ClInclude>
    <ClInclude Include="extern\curl\include\httputil.h">
      <Filter>extern\curl\include</Filter>
    </ClInclude>
    <ClInclude Include="module\schead\include\sciconv.h">
      <Filter>module\schead\include</Filter>
    </ClInclude>
    <ClInclude Include="module\schead\include\scsocket.h">
      <Filter>module\schead\include</Filter>
    </ClInclude>
    <ClInclude Include="module\schead\include\scpipe.h">
      <Filter>module\schead\include</Filter>
    </ClInclude>
    <ClInclude Include="module\poll\include\socket_poll.h">
      <Filter>module\poll\include</Filter>
    </ClInclude>
    <ClInclude Include="module\poll\include\socket_server.h">
      <Filter>module\poll\include</Filter>
    </ClInclude>
    <ClInclude Include="extern\curl\include\curl\curl.h">
      <Filter>extern\curl\include\curl</Filter>
    </ClInclude>
    <ClInclude Include="extern\curl\include\curl\curlver.h">
      <Filter>extern\curl\include\curl</Filter>
    </ClInclude>
    <ClInclude Include="extern\curl\include\curl\easy.h">
      <Filter>extern\curl\include\curl</Filter>
    </ClInclude>
    <ClInclude Include="extern\curl\include\curl\mprintf.h">
      <Filter>extern\curl\include\curl</Filter>
    </ClInclude>
    <ClInclude Include="extern\curl\include\curl\multi.h">
      <Filter>extern\curl\include\curl</Filter>
    </ClInclude>
    <ClInclude Include="extern\curl\include\curl\stdcheaders.h">
      <Filter>extern\curl\include\curl</Filter>
    </ClInclude>
    <ClInclude Include="extern\curl\include\curl\system.h">
      <Filter>extern\curl\include\curl</Filter>
    </ClInclude>
    <ClInclude Include="extern\curl\include\curl\typecheck-gcc.h">
      <Filter>extern\curl\include\curl</Filter>
    </ClInclude>
    <ClInclude Include="module\schead\include\scconf.h">
      <Filter>module\schead\include</Filter>
    </ClInclude>
    <ClInclude Include="module\schead\include\scrand.h">
      <Filter>module\schead\include</Filter>
    </ClInclude>
    <ClInclude Include="module\struct\include\dict.h">
      <Filter>module\struct\include</Filter>
    </ClInclude>
    <ClInclude Include="module\schead\include\clog.h">
      <Filter>module\schead\include</Filter>
    </ClInclude>
    <ClInclude Include="module\schead\include\scmd5.h">
      <Filter>module\schead\include</Filter>
    </ClInclude>
    <ClInclude Include="extern\mpack\include\mpack.h">
      <Filter>extern\mpack\include</Filter>
    </ClInclude>
    <ClInclude Include="module\service\scoroutine$winds.h">
      <Filter>module\service\partial</Filter>
    </ClInclude>
    <ClInclude Include="module\service\scoroutine$linux.h">
      <Filter>module\service\partial</Filter>
    </ClInclude>
    <ClInclude Include="module\poll\include\rsmq.h">
      <Filter>module\poll\include</Filter>
    </ClInclude>
    <ClInclude Include="module\poll\include\socket_start.h">
      <Filter>module\poll\include</Filter>
    </ClInclude>
    <ClInclude Include="module\poll\include\socket_msg.h">
      <Filter>module\poll\include</Filter>
    </ClInclude>
    <ClInclude Include="module\service\include\scfile.h">
      <Filter>module\service\include</Filter>
    </ClInclude>
    <ClInclude Include="module\struct\include\rtree.h">
      <Filter>module\struct\include</Filter>
    </ClInclude>
    <ClInclude Include="module\poll\socket_poll%24epoll.h">
      <Filter>module\poll\partial</Filter>
    </ClInclude>
    <ClInclude Include="module\poll\socket_poll%24select.h">
      <Filter>module\poll\partial</Filter>
    </ClInclude>
    <ClInclude Include="module\poll\socket_poll%24kqueue.h">
      <Filter>module\poll\partial</Filter>
    </ClInclude>
    <ClInclude Include="module\poll\include\haid.h">
      <Filter>module\poll\include</Filter>
    </ClInclude>
  </ItemGroup>
  <ItemGroup>
    <None Include="test\config\firefighting_rule.json">
      <Filter>test\config</Filter>
    </None>
    <None Include="test\config\onetime.csv">
      <Filter>test\config</Filter>
    </None>
    <None Include="config\config.ini">
      <Filter>config</Filter>
    </None>
    <None Include="test\config\scfile.ini">
      <Filter>test\config</Filter>
    </None>
  </ItemGroup>
  <ItemGroup>
    <Text Include="readme\helper.txt">
      <Filter>readme</Filter>
    </Text>
  </ItemGroup>
  <ItemGroup>
    <Library Include="extern\pthread\lib\pthread_lib.lib">
      <Filter>extern\pthread\lib</Filter>
    </Library>
    <Library Include="extern\curl\lib\libcurl.lib">
      <Filter>extern\curl\lib</Filter>
    </Library>
  </ItemGroup>
</Project>